
Microsoft Visual Studio Solution File, Format Version 12.00
# Visual Studio Version 17
VisualStudioVersion = 17.14.37314.3
MinimumVisualStudioVersion = 10.0.40219.1
Project("{FAE04EC0-301F-11D3-BF4B-00C04F79EFBC}") = "BDD", "BDD.csproj", "{1BF62943-A1C2-45B8-8AB7-19071B57BA9A}"
EndProject
Global
	GlobalSection(SolutionConfigurationPlatforms) = preSolution
		Debug|Any CPU = Debug|Any CPU
		Release|Any CPU = Release|Any CPU
	EndGlobalSection
	GlobalSection(ProjectConfigurationPlatforms) = postSolution
		{1BF62943-A1C2-45B8-8AB7-19071B57BA9A}.Debug|Any CPU.ActiveCfg = Debug|Any CPU
		{1BF62943-A1C2-45B8-8AB7-19071B57BA9A}.Debug|Any CPU.Build.0 = Debug|Any CPU
		{1BF62943-A1C2-45B8-8AB7-19071B57BA9A}.Release|Any CPU.ActiveCfg = Release|Any CPU
		{1BF62943-A1C2-45B8-8AB7-19071B57BA9A}.Release|Any CPU.Build.0 = Release|Any CPU
	EndGlobalSection
	GlobalSection(SolutionProperties) = preSolution
		HideSolutionNode = FALSE
	EndGlobalSection
	GlobalSection(ExtensibilityGlobals) = postSolution
		SolutionGuid = {A9C2F13F-D7AA-45E9-BD5D-F24EFF4658E7}
	EndGlobalSection
EndGlobal
