
Microsoft Visual Studio Solution File, Format Version 12.00
# Visual Studio Version 17
VisualStudioVersion = 17.14.37314.3
MinimumVisualStudioVersion = 10.0.40219.1
Project("{FAE04EC0-301F-11D3-BF4B-00C04F79EFBC}") = "API", "API.csproj", "{25DD8A05-FA0F-4F6A-814C-5CADD5E052AB}"
EndProject
Global
	GlobalSection(SolutionConfigurationPlatforms) = preSolution
		Debug|Any CPU = Debug|Any CPU
		Release|Any CPU = Release|Any CPU
	EndGlobalSection
	GlobalSection(ProjectConfigurationPlatforms) = postSolution
		{25DD8A05-FA0F-4F6A-814C-5CADD5E052AB}.Debug|Any CPU.ActiveCfg = Debug|Any CPU
		{25DD8A05-FA0F-4F6A-814C-5CADD5E052AB}.Debug|Any CPU.Build.0 = Debug|Any CPU
		{25DD8A05-FA0F-4F6A-814C-5CADD5E052AB}.Release|Any CPU.ActiveCfg = Release|Any CPU
		{25DD8A05-FA0F-4F6A-814C-5CADD5E052AB}.Release|Any CPU.Build.0 = Release|Any CPU
	EndGlobalSection
	GlobalSection(SolutionProperties) = preSolution
		HideSolutionNode = FALSE
	EndGlobalSection
	GlobalSection(ExtensibilityGlobals) = postSolution
		SolutionGuid = {D69430DA-8A33-4262-BCC9-5A78F1ECFA3F}
	EndGlobalSection
EndGlobal
